
Microsoft Visual Studio Solution File, Format Version 12.00
# Visual Studio Version 17
VisualStudioVersion = 17.4.33205.214
MinimumVisualStudioVersion = 10.0.40219.1
Project("{FAE04EC0-301F-11D3-BF4B-00C04F79EFBC}") = "mon_premier_projet", "mon_premier_projet\mon_premier_projet.csproj", "{550DEDA3-9F5C-4C8C-B6B5-40AA2844E15E}"
EndProject
Global
	GlobalSection(SolutionConfigurationPlatforms) = preSolution
		Debug|Any CPU = Debug|Any CPU
		Release|Any CPU = Release|Any CPU
	EndGlobalSection
	GlobalSection(ProjectConfigurationPlatforms) = postSolution
		{550DEDA3-9F5C-4C8C-B6B5-40AA2844E15E}.Debug|Any CPU.ActiveCfg = Debug|Any CPU
		{550DEDA3-9F5C-4C8C-B6B5-40AA2844E15E}.Debug|Any CPU.Build.0 = Debug|Any CPU
		{550DEDA3-9F5C-4C8C-B6B5-40AA2844E15E}.Release|Any CPU.ActiveCfg = Release|Any CPU
		{550DEDA3-9F5C-4C8C-B6B5-40AA2844E15E}.Release|Any CPU.Build.0 = Release|Any CPU
	EndGlobalSection
	GlobalSection(SolutionProperties) = preSolution
		HideSolutionNode = FALSE
	EndGlobalSection
	GlobalSection(ExtensibilityGlobals) = postSolution
		SolutionGuid = {84874908-22ED-4D07-B516-09F388153E6E}
	EndGlobalSection
EndGlobal
